{
    "version": 3,
    "terraform_version": "0.11.13",
    "serial": 32,
    "lineage": "3a4373bb-ee3e-3167-2799-000cc73363af",
    "modules": [
        {
            "path": [
                "root"
            ],
            "outputs": {},
            "resources": {
                "aws_s3_bucket.static_site": {
                    "type": "aws_s3_bucket",
                    "depends_on": [],
                    "primary": {
                        "id": "ryaneskin.name",
                        "attributes": {
                            "acceleration_status": "",
                            "acl": "public-read",
                            "arn": "arn:aws:s3:::ryaneskin.name",
                            "bucket": "ryaneskin.name",
                            "bucket_domain_name": "ryaneskin.name.s3.amazonaws.com",
                            "bucket_regional_domain_name": "ryaneskin.name.s3.amazonaws.com",
                            "cors_rule.#": "0",
                            "force_destroy": "false",
                            "hosted_zone_id": "Z3AQBSTGFYJSTF",
                            "id": "ryaneskin.name",
                            "lifecycle_rule.#": "0",
                            "logging.#": "0",
                            "object_lock_configuration.#": "0",
                            "policy": "{\"Statement\":[{\"Action\":\"s3:GetObject\",\"Effect\":\"Allow\",\"Principal\":\"*\",\"Resource\":\"arn:aws:s3:::ryaneskin.name/*\",\"Sid\":\"1\"}],\"Version\":\"2012-10-17\"}",
                            "region": "us-east-1",
                            "replication_configuration.#": "0",
                            "request_payer": "BucketOwner",
                            "server_side_encryption_configuration.#": "0",
                            "tags.%": "2",
                            "tags.Environment": "Prod",
                            "tags.Name": "Static_Content",
                            "versioning.#": "1",
                            "versioning.0.enabled": "false",
                            "versioning.0.mfa_delete": "false",
                            "website.#": "1",
                            "website.0.error_document": "",
                            "website.0.index_document": "index.html",
                            "website.0.redirect_all_requests_to": "",
                            "website.0.routing_rules": "",
                            "website_domain": "s3-website-us-east-1.amazonaws.com",
                            "website_endpoint": "ryaneskin.name.s3-website-us-east-1.amazonaws.com"
                        },
                        "meta": {},
                        "tainted": false
                    },
                    "deposed": [],
                    "provider": "provider.aws"
                },
                "aws_s3_bucket_object.content": {
                    "type": "aws_s3_bucket_object",
                    "depends_on": [
                        "aws_s3_bucket.static_site"
                    ],
                    "primary": {
                        "id": "index.html",
                        "attributes": {
                            "acl": "private",
                            "bucket": "ryaneskin.name",
                            "cache_control": "",
                            "content_disposition": "",
                            "content_encoding": "",
                            "content_language": "",
                            "content_type": "binary/octet-stream",
                            "etag": "46802c82a94696d3d02ef8c547972ae9",
                            "id": "index.html",
                            "key": "index.html",
                            "server_side_encryption": "",
                            "source": "www/index.html",
                            "storage_class": "STANDARD",
                            "tags.%": "0",
                            "version_id": "",
                            "website_redirect": ""
                        },
                        "meta": {},
                        "tainted": false
                    },
                    "deposed": [],
                    "provider": "provider.aws"
                }
            },
            "depends_on": []
        }
    ]
}
